// !$*UTF8*$!
{
	archiveVersion = 1;
	classes = {
	};
	objectVersion = 46;
	objects = {

/* Begin PBXBuildFile section */
		43EE5FFA1A82492B0033BBF8 /* AppDelegate.swift in Sources */ = {isa = PBXBuildFile; fileRef = 43EE5FF91A82492B0033BBF8 /* AppDelegate.swift */; };
		43EE5FFC1A82492B0033BBF8 /* ViewController.swift in Sources */ = {isa = PBXBuildFile; fileRef = 43EE5FFB1A82492B0033BBF8 /* ViewController.swift */; };
		43EE5FFF1A82492B0033BBF8 /* Main.storyboard in Resources */ = {isa = PBXBuildFile; fileRef = 43EE5FFD1A82492B0033BBF8 /* Main.storyboard */; };
		43EE60011A82492B0033BBF8 /* Images.xcassets in Resources */ = {isa = PBXBuildFile; fileRef = 43EE60001A82492B0033BBF8 /* Images.xcassets */; };
		43EE60041A82492B0033BBF8 /* LaunchScreen.xib in Resources */ = {isa = PBXBuildFile; fileRef = 43EE60021A82492B0033BBF8 /* LaunchScreen.xib */; };
		43EE60101A82492B0033BBF8 /* FunkeyTests.swift in Sources */ = {isa = PBXBuildFile; fileRef = 43EE600F1A82492B0033BBF8 /* FunkeyTests.swift */; };
		43EE601A1A8249970033BBF8 /* TableViewCell.swift in Sources */ = {isa = PBXBuildFile; fileRef = 43EE60191A8249970033BBF8 /* TableViewCell.swift */; };
/* End PBXBuildFile section */

/* Begin PBXContainerItemProxy section */
		43EE600A1A82492B0033BBF8 /* PBXContainerItemProxy */ = {
			isa = PBXContainerItemProxy;
			containerPortal = 43EE5FEC1A82492B0033BBF8 /* Project object */;
			proxyType = 1;
			remoteGlobalIDString = 43EE5FF31A82492B0033BBF8;
			remoteInfo = Funkey;
		};
/* End PBXContainerItemProxy section */

/* Begin PBXFileReference section */
		43EE5FF41A82492B0033BBF8 /* Funkey.app */ = {isa = PBXFileReference; explicitFileType = wrapper.application; includeInIndex = 0; path = Funkey.app; sourceTree = BUILT_PRODUCTS_DIR; };
		43EE5FF81A82492B0033BBF8 /* Info.plist */ = {isa = PBXFileReference; lastKnownFileType = text.plist.xml; path = Info.plist; sourceTree = "<group>"; };
		43EE5FF91A82492B0033BBF8 /* AppDelegate.swift */ = {isa = PBXFileReference; lastKnownFileType = sourcecode.swift; path = AppDelegate.swift; sourceTree = "<group>"; };
		43EE5FFB1A82492B0033BBF8 /* ViewController.swift */ = {isa = PBXFileReference; lastKnownFileType = sourcecode.swift; path = ViewController.swift; sourceTree = "<group>"; };
		43EE5FFE1A82492B0033BBF8 /* Base */ = {isa = PBXFileReference; lastKnownFileType = file.storyboard; name = Base; path = Base.lproj/Main.storyboard; sourceTree = "<group>"; };
		43EE60001A82492B0033BBF8 /* Images.xcassets */ = {isa = PBXFileReference; lastKnownFileType = folder.assetcatalog; path = Images.xcassets; sourceTree = "<group>"; };
		43EE60031A82492B0033BBF8 /* Base */ = {isa = PBXFileReference; lastKnownFileType = file.xib; name = Base; path = Base.lproj/LaunchScreen.xib; sourceTree = "<group>"; };
		43EE60091A82492B0033BBF8 /* FunkeyTests.xctest */ = {isa = PBXFileReference; explicitFileType = wrapper.cfbundle; includeInIndex = 0; path = FunkeyTests.xctest; sourceTree = BUILT_PRODUCTS_DIR; };
		43EE600E1A82492B0033BBF8 /* Info.plist */ = {isa = PBXFileReference; lastKnownFileType = text.plist.xml; path = Info.plist; sourceTree = "<group>"; };
		43EE600F1A82492B0033BBF8 /* FunkeyTests.swift */ = {isa = PBXFileReference; lastKnownFileType = sourcecode.swift; path = FunkeyTests.swift; sourceTree = "<group>"; };
		43EE60191A8249970033BBF8 /* TableViewCell.swift */ = {isa = PBXFileReference; fileEncoding = 4; lastKnownFileType = sourcecode.swift; path = TableViewCell.swift; sourceTree = "<group>"; };
/* End PBXFileReference section */

/* Begin PBXFrameworksBuildPhase section */
		43EE5FF11A82492B0033BBF8 /* Frameworks */ = {
			isa = PBXFrameworksBuildPhase;
			buildActionMask = 2147483647;
			files = (
			);
			runOnlyForDeploymentPostprocessing = 0;
		};
		43EE60061A82492B0033BBF8 /* Frameworks */ = {
			isa = PBXFrameworksBuildPhase;
			buildActionMask = 2147483647;
			files = (
			);
			runOnlyForDeploymentPostprocessing = 0;
		};
/* End PBXFrameworksBuildPhase section */

/* Begin PBXGroup section */
		43EE5FEB1A82492B0033BBF8 = {
			isa = PBXGroup;
			children = (
				43EE5FF61A82492B0033BBF8 /* Funkey */,
				43EE600C1A82492B0033BBF8 /* FunkeyTests */,
				43EE5FF51A82492B0033BBF8 /* Products */,
			);
			sourceTree = "<group>";
		};
		43EE5FF51A82492B0033BBF8 /* Products */ = {
			isa = PBXGroup;
			children = (
				43EE5FF41A82492B0033BBF8 /* Funkey.app */,
				43EE60091A82492B0033BBF8 /* FunkeyTests.xctest */,
			);
			name = Products;
			sourceTree = "<group>";
		};
		43EE5FF61A82492B0033BBF8 /* Funkey */ = {
			isa = PBXGroup;
			children = (
				43EE5FF91A82492B0033BBF8 /* AppDelegate.swift */,
				43EE5FFB1A82492B0033BBF8 /* ViewController.swift */,
				43EE5FFD1A82492B0033BBF8 /* Main.storyboard */,
				43EE60191A8249970033BBF8 /* TableViewCell.swift */,
				43EE60001A82492B0033BBF8 /* Images.xcassets */,
				43EE60021A82492B0033BBF8 /* LaunchScreen.xib */,
				43EE5FF71A82492B0033BBF8 /* Supporting Files */,
			);
			path = Funkey;
			sourceTree = "<group>";
		};
		43EE5FF71A82492B0033BBF8 /* Supporting Files */ = {
			isa = PBXGroup;
			children = (
				43EE5FF81A82492B0033BBF8 /* Info.plist */,
			);
			name = "Supporting Files";
			sourceTree = "<group>";
		};
		43EE600C1A82492B0033BBF8 /* FunkeyTests */ = {
			isa = PBXGroup;
			children = (
				43EE600F1A82492B0033BBF8 /* FunkeyTests.swift */,
				43EE600D1A82492B0033BBF8 /* Supporting Files */,
			);
			path = FunkeyTests;
			sourceTree = "<group>";
		};
		43EE600D1A82492B0033BBF8 /* Supporting Files */ = {
			isa = PBXGroup;
			children = (
				43EE600E1A82492B0033BBF8 /* Info.plist */,
			);
			name = "Supporting Files";
			sourceTree = "<group>";
		};
/* End PBXGroup section */

/* Begin PBXNativeTarget section */
		43EE5FF31A82492B0033BBF8 /* Funkey */ = {
			isa = PBXNativeTarget;
			buildConfigurationList = 43EE60131A82492B0033BBF8 /* Build configuration list for PBXNativeTarget "Funkey" */;
			buildPhases = (
				43EE5FF01A82492B0033BBF8 /* Sources */,
				43EE5FF11A82492B0033BBF8 /* Frameworks */,
				43EE5FF21A82492B0033BBF8 /* Resources */,
			);
			buildRules = (
			);
			dependencies = (
			);
			name = Funkey;
			productName = Funkey;
			productReference = 43EE5FF41A82492B0033BBF8 /* Funkey.app */;
			productType = "com.apple.product-type.application";
		};
		43EE60081A82492B0033BBF8 /* FunkeyTests */ = {
			isa = PBXNativeTarget;
			buildConfigurationList = 43EE60161A82492B0033BBF8 /* Build configuration list for PBXNativeTarget "FunkeyTests" */;
			buildPhases = (
				43EE60051A82492B0033BBF8 /* Sources */,
				43EE60061A82492B0033BBF8 /* Frameworks */,
				43EE60071A82492B0033BBF8 /* Resources */,
			);
			buildRules = (
			);
			dependencies = (
				43EE600B1A82492B0033BBF8 /* PBXTargetDependency */,
			);
			name = FunkeyTests;
			productName = FunkeyTests;
			productReference = 43EE60091A82492B0033BBF8 /* FunkeyTests.xctest */;
			productType = "com.apple.product-type.bundle.unit-test";
		};
/* End PBXNativeTarget section */

/* Begin PBXProject section */
		43EE5FEC1A82492B0033BBF8 /* Project object */ = {
			isa = PBXProject;
			attributes = {
				LastUpgradeCheck = 0610;
				ORGANIZATIONNAME = Kotiki;
				TargetAttributes = {
					43EE5FF31A82492B0033BBF8 = {
						CreatedOnToolsVersion = 6.1.1;
					};
					43EE60081A82492B0033BBF8 = {
						CreatedOnToolsVersion = 6.1.1;
						TestTargetID = 43EE5FF31A82492B0033BBF8;
					};
				};
			};
			buildConfigurationList = 43EE5FEF1A82492B0033BBF8 /* Build configuration list for PBXProject "Funkey" */;
			compatibilityVersion = "Xcode 3.2";
			developmentRegion = English;
			hasScannedForEncodings = 0;
			knownRegions = (
				en,
				Base,
			);
			mainGroup = 43EE5FEB1A82492B0033BBF8;
			productRefGroup = 43EE5FF51A82492B0033BBF8 /* Products */;
			projectDirPath = "";
			projectRoot = "";
			targets = (
				43EE5FF31A82492B0033BBF8 /* Funkey */,
				43EE60081A82492B0033BBF8 /* FunkeyTests */,
			);
		};
/* End PBXProject section */

/* Begin PBXResourcesBuildPhase section */
		43EE5FF21A82492B0033BBF8 /* Resources */ = {
			isa = PBXResourcesBuildPhase;
			buildActionMask = 2147483647;
			files = (
				43EE5FFF1A82492B0033BBF8 /* Main.storyboard in Resources */,
				43EE60041A82492B0033BBF8 /* LaunchScreen.xib in Resources */,
				43EE60011A82492B0033BBF8 /* Images.xcassets in Resources */,
			);
			runOnlyForDeploymentPostprocessing = 0;
		};
		43EE60071A82492B0033BBF8 /* Resources */ = {
			isa = PBXResourcesBuildPhase;
			buildActionMask = 2147483647;
			files = (
			);
			runOnlyForDeploymentPostprocessing = 0;
		};
/* End PBXResourcesBuildPhase section */

/* Begin PBXSourcesBuildPhase section */
		43EE5FF01A82492B0033BBF8 /* Sources */ = {
			isa = PBXSourcesBuildPhase;
			buildActionMask = 2147483647;
			files = (
				43EE601A1A8249970033BBF8 /* TableViewCell.swift in Sources */,
				43EE5FFC1A82492B0033BBF8 /* ViewController.swift in Sources */,
				43EE5FFA1A82492B0033BBF8 /* AppDelegate.swift in Sources */,
			);
			runOnlyForDeploymentPostprocessing = 0;
		};
		43EE60051A82492B0033BBF8 /* Sources */ = {
			isa = PBXSourcesBuildPhase;
			buildActionMask = 2147483647;
			files = (
				43EE60101A82492B0033BBF8 /* FunkeyTests.swift in Sources */,
			);
			runOnlyForDeploymentPostprocessing = 0;
		};
/* End PBXSourcesBuildPhase section */

/* Begin PBXTargetDependency section */
		43EE600B1A82492B0033BBF8 /* PBXTargetDependency */ = {
			isa = PBXTargetDependency;
			target = 43EE5FF31A82492B0033BBF8 /* Funkey */;
			targetProxy = 43EE600A1A82492B0033BBF8 /* PBXContainerItemProxy */;
		};
/* End PBXTargetDependency section */

/* Begin PBXVariantGroup section */
		43EE5FFD1A82492B0033BBF8 /* Main.storyboard */ = {
			isa = PBXVariantGroup;
			children = (
				43EE5FFE1A82492B0033BBF8 /* Base */,
			);
			name = Main.storyboard;
			sourceTree = "<group>";
		};
		43EE60021A82492B0033BBF8 /* LaunchScreen.xib */ = {
			isa = PBXVariantGroup;
			children = (
				43EE60031A82492B0033BBF8 /* Base */,
			);
			name = LaunchScreen.xib;
			sourceTree = "<group>";
		};
/* End PBXVariantGroup section */

/* Begin XCBuildConfiguration section */
		43EE60111A82492B0033BBF8 /* Debug */ = {
			isa = XCBuildConfiguration;
			buildSettings = {
				ALWAYS_SEARCH_USER_PATHS = NO;
				CLANG_CXX_LANGUAGE_STANDARD = "gnu++0x";
				CLANG_CXX_LIBRARY = "libc++";
				CLANG_ENABLE_MODULES = YES;
				CLANG_ENABLE_OBJC_ARC = YES;
				CLANG_WARN_BOOL_CONVERSION = YES;
				CLANG_WARN_CONSTANT_CONVERSION = YES;
				CLANG_WARN_DIRECT_OBJC_ISA_USAGE = YES_ERROR;
				CLANG_WARN_EMPTY_BODY = YES;
				CLANG_WARN_ENUM_CONVERSION = YES;
				CLANG_WARN_INT_CONVERSION = YES;
				CLANG_WARN_OBJC_ROOT_CLASS = YES_ERROR;
				CLANG_WARN_UNREACHABLE_CODE = YES;
				CLANG_WARN__DUPLICATE_METHOD_MATCH = YES;
				"CODE_SIGN_IDENTITY[sdk=iphoneos*]" = "iPhone Developer";
				COPY_PHASE_STRIP = NO;
				ENABLE_STRICT_OBJC_MSGSEND = YES;
				GCC_C_LANGUAGE_STANDARD = gnu99;
				GCC_DYNAMIC_NO_PIC = NO;
				GCC_OPTIMIZATION_LEVEL = 0;
				GCC_PREPROCESSOR_DEFINITIONS = (
					"DEBUG=1",
					"$(inherited)",
				);
				GCC_SYMBOLS_PRIVATE_EXTERN = NO;
				GCC_WARN_64_TO_32_BIT_CONVERSION = YES;
				GCC_WARN_ABOUT_RETURN_TYPE = YES_ERROR;
				GCC_WARN_UNDECLARED_SELECTOR = YES;
				GCC_WARN_UNINITIALIZED_AUTOS = YES_AGGRESSIVE;
				GCC_WARN_UNUSED_FUNCTION = YES;
				GCC_WARN_UNUSED_VARIABLE = YES;
				IPHONEOS_DEPLOYMENT_TARGET = 8.1;
				MTL_ENABLE_DEBUG_INFO = YES;
				ONLY_ACTIVE_ARCH = YES;
				SDKROOT = iphoneos;
				SWIFT_OPTIMIZATION_LEVEL = "-Onone";
			};
			name = Debug;
		};
		43EE60121A82492B0033BBF8 /* Release */ = {
			isa = XCBuildConfiguration;
			buildSettings = {
				ALWAYS_SEARCH_USER_PATHS = NO;
				CLANG_CXX_LANGUAGE_STANDARD = "gnu++0x";
				CLANG_CXX_LIBRARY = "libc++";
				CLANG_ENABLE_MODULES = YES;
				CLANG_ENABLE_OBJC_ARC = YES;
				CLANG_WARN_BOOL_CONVERSION = YES;
				CLANG_WARN_CONSTANT_CONVERSION = YES;
				CLANG_WARN_DIRECT_OBJC_ISA_USAGE = YES_ERROR;
				CLANG_WARN_EMPTY_BODY = YES;
				CLANG_WARN_ENUM_CONVERSION = YES;
				CLANG_WARN_INT_CONVERSION = YES;
				CLANG_WARN_OBJC_ROOT_CLASS = YES_ERROR;
				CLANG_WARN_UNREACHABLE_CODE = YES;
				CLANG_WARN__DUPLICATE_METHOD_MATCH = YES;
				"CODE_SIGN_IDENTITY[sdk=iphoneos*]" = "iPhone Developer";
				COPY_PHASE_STRIP = YES;
				ENABLE_NS_ASSERTIONS = NO;
				ENABLE_STRICT_OBJC_MSGSEND = YES;
				GCC_C_LANGUAGE_STANDARD = gnu99;
				GCC_WARN_64_TO_32_BIT_CONVERSION = YES;
				GCC_WARN_ABOUT_RETURN_TYPE = YES_ERROR;
				GCC_WARN_UNDECLARED_SELECTOR = YES;
				GCC_WARN_UNINITIALIZED_AUTOS = YES_AGGRESSIVE;
				GCC_WARN_UNUSED_FUNCTION = YES;
				GCC_WARN_UNUSED_VARIABLE = YES;
				IPHONEOS_DEPLOYMENT_TARGET = 8.1;
				MTL_ENABLE_DEBUG_INFO = NO;
				SDKROOT = iphoneos;
				VALIDATE_PRODUCT = YES;
			};
			name = Release;
		};
		43EE60141A82492B0033BBF8 /* Debug */ = {
			isa = XCBuildConfiguration;
			buildSettings = {
				ASSETCATALOG_COMPILER_APPICON_NAME = AppIcon;
				INFOPLIST_FILE = Funkey/Info.plist;
				LD_RUNPATH_SEARCH_PATHS = "$(inherited) @executable_path/Frameworks";
				PRODUCT_NAME = "$(TARGET_NAME)";
			};
			name = Debug;
		};
		43EE60151A82492B0033BBF8 /* Release */ = {
			isa = XCBuildConfiguration;
			buildSettings = {
				ASSETCATALOG_COMPILER_APPICON_NAME = AppIcon;
				INFOPLIST_FILE = Funkey/Info.plist;
				LD_RUNPATH_SEARCH_PATHS = "$(inherited) @executable_path/Frameworks";
				PRODUCT_NAME = "$(TARGET_NAME)";
			};
			name = Release;
		};
		43EE60171A82492B0033BBF8 /* Debug */ = {
			isa = XCBuildConfiguration;
			buildSettings = {
				BUNDLE_LOADER = "$(TEST_HOST)";
				FRAMEWORK_SEARCH_PATHS = (
					"$(SDKROOT)/Developer/Library/Frameworks",
					"$(inherited)",
				);
				GCC_PREPROCESSOR_DEFINITIONS = (
					"DEBUG=1",
					"$(inherited)",
				);
				INFOPLIST_FILE = FunkeyTests/Info.plist;
				LD_RUNPATH_SEARCH_PATHS = "$(inherited) @executable_path/Frameworks @loader_path/Frameworks";
				PRODUCT_NAME = "$(TARGET_NAME)";
				TEST_HOST = "$(BUILT_PRODUCTS_DIR)/Funkey.app/Funkey";
			};
			name = Debug;
		};
		43EE60181A82492B0033BBF8 /* Release */ = {
			isa = XCBuildConfiguration;
			buildSettings = {
				BUNDLE_LOADER = "$(TEST_HOST)";
				FRAMEWORK_SEARCH_PATHS = (
					"$(SDKROOT)/Developer/Library/Frameworks",
					"$(inherited)",
				);
				INFOPLIST_FILE = FunkeyTests/Info.plist;
				LD_RUNPATH_SEARCH_PATHS = "$(inherited) @executable_path/Frameworks @loader_path/Frameworks";
				PRODUCT_NAME = "$(TARGET_NAME)";
				TEST_HOST = "$(BUILT_PRODUCTS_DIR)/Funkey.app/Funkey";
			};
			name = Release;
		};
/* End XCBuildConfiguration section */

/* Begin XCConfigurationList section */
		43EE5FEF1A82492B0033BBF8 /* Build configuration list for PBXProject "Funkey" */ = {
			isa = XCConfigurationList;
			buildConfigurations = (
				43EE60111A82492B0033BBF8 /* Debug */,
				43EE60121A82492B0033BBF8 /* Release */,
			);
			defaultConfigurationIsVisible = 0;
			defaultConfigurationName = Release;
		};
		43EE60131A82492B0033BBF8 /* Build configuration list for PBXNativeTarget "Funkey" */ = {
			isa = XCConfigurationList;
			buildConfigurations = (
				43EE60141A82492B0033BBF8 /* Debug */,
				43EE60151A82492B0033BBF8 /* Release */,
			);
			defaultConfigurationIsVisible = 0;
		};
		43EE60161A82492B0033BBF8 /* Build configuration list for PBXNativeTarget "FunkeyTests" */ = {
			isa = XCConfigurationList;
			buildConfigurations = (
				43EE60171A82492B0033BBF8 /* Debug */,
				43EE60181A82492B0033BBF8 /* Release */,
			);
			defaultConfigurationIsVisible = 0;
		};
/* End XCConfigurationList section */
	};
	rootObject = 43EE5FEC1A82492B0033BBF8 /* Project object */;
}
